
Microsoft Visual Studio Solution File, Format Version 12.00
# Visual Studio Version 16
VisualStudioVersion = 16.0.31129.286
MinimumVisualStudioVersion = 10.0.40219.1
Project("{8BC9CEB8-8B4A-11D0-8D11-00A0C91BC942}") = "Mockingbird", "Mockingbird\Mockingbird.vcxproj", "{E4116E3C-B7F5-45CD-91F8-A0FB21D3DED1}"
EndProject
Project("{8BC9CEB8-8B4A-11D0-8D11-00A0C91BC942}") = "MockingbirdTest", "MockingbirdTest\MockingbirdTest.vcxproj", "{46AC4454-A689-4528-8007-5912A98B42EE}"
EndProject
Global
	GlobalSection(SolutionConfigurationPlatforms) = preSolution
		Debug|x64 = Debug|x64
		Debug|x86 = Debug|x86
		Release|x64 = Release|x64
		Release|x86 = Release|x86
	EndGlobalSection
	GlobalSection(ProjectConfigurationPlatforms) = postSolution
		{E4116E3C-B7F5-45CD-91F8-A0FB21D3DED1}.Debug|x64.ActiveCfg = Debug|x64
		{E4116E3C-B7F5-45CD-91F8-A0FB21D3DED1}.Debug|x64.Build.0 = Debug|x64
		{E4116E3C-B7F5-45CD-91F8-A0FB21D3DED1}.Debug|x86.ActiveCfg = Debug|Win32
		{E4116E3C-B7F5-45CD-91F8-A0FB21D3DED1}.Debug|x86.Build.0 = Debug|Win32
		{E4116E3C-B7F5-45CD-91F8-A0FB21D3DED1}.Release|x64.ActiveCfg = Release|x64
		{E4116E3C-B7F5-45CD-91F8-A0FB21D3DED1}.Release|x64.Build.0 = Release|x64
		{E4116E3C-B7F5-45CD-91F8-A0FB21D3DED1}.Release|x86.ActiveCfg = Release|Win32
		{E4116E3C-B7F5-45CD-91F8-A0FB21D3DED1}.Release|x86.Build.0 = Release|Win32
		{46AC4454-A689-4528-8007-5912A98B42EE}.Debug|x64.ActiveCfg = Debug|x64
		{46AC4454-A689-4528-8007-5912A98B42EE}.Debug|x64.Build.0 = Debug|x64
		{46AC4454-A689-4528-8007-5912A98B42EE}.Debug|x86.ActiveCfg = Debug|Win32
		{46AC4454-A689-4528-8007-5912A98B42EE}.Debug|x86.Build.0 = Debug|Win32
		{46AC4454-A689-4528-8007-5912A98B42EE}.Release|x64.ActiveCfg = Release|x64
		{46AC4454-A689-4528-8007-5912A98B42EE}.Release|x64.Build.0 = Release|x64
		{46AC4454-A689-4528-8007-5912A98B42EE}.Release|x86.ActiveCfg = Release|Win32
		{46AC4454-A689-4528-8007-5912A98B42EE}.Release|x86.Build.0 = Release|Win32
	EndGlobalSection
	GlobalSection(SolutionProperties) = preSolution
		HideSolutionNode = FALSE
	EndGlobalSection
	GlobalSection(ExtensibilityGlobals) = postSolution
		SolutionGuid = {3C1A832E-46F2-4AD3-A986-30F752A71554}
	EndGlobalSection
EndGlobal
